
Microsoft Visual Studio Solution File, Format Version 12.00
# Visual Studio Version 16
VisualStudioVersion = 16.0.31829.152
MinimumVisualStudioVersion = 10.0.40219.1
Project("{FAE04EC0-301F-11D3-BF4B-00C04F79EFBC}") = "Homework", "Homework\Homework.csproj", "{29494DFB-25E5-4130-822A-62AEA8262712}"
EndProject
Global
	GlobalSection(SolutionConfigurationPlatforms) = preSolution
		Debug|Any CPU = Debug|Any CPU
		Release|Any CPU = Release|Any CPU
	EndGlobalSection
	GlobalSection(ProjectConfigurationPlatforms) = postSolution
		{29494DFB-25E5-4130-822A-62AEA8262712}.Debug|Any CPU.ActiveCfg = Debug|Any CPU
		{29494DFB-25E5-4130-822A-62AEA8262712}.Debug|Any CPU.Build.0 = Debug|Any CPU
		{29494DFB-25E5-4130-822A-62AEA8262712}.Release|Any CPU.ActiveCfg = Release|Any CPU
		{29494DFB-25E5-4130-822A-62AEA8262712}.Release|Any CPU.Build.0 = Release|Any CPU
	EndGlobalSection
	GlobalSection(SolutionProperties) = preSolution
		HideSolutionNode = FALSE
	EndGlobalSection
	GlobalSection(ExtensibilityGlobals) = postSolution
		SolutionGuid = {F79FA765-1110-4777-B511-4B0DBE4CCC72}
	EndGlobalSection
EndGlobal
